Microsoft Visual Studio Solution File, Format Version 12.00
# Visual Studio Version 17
VisualStudioVersion = 17.5.2.0
MinimumVisualStudioVersion = 10.0.40219.1
Project("{2150E333-8FDC-42A3-9474-1A3956D46DE8}") = "clients", "clients", "{9123F88B-E531-3118-42D7-ED8CEF4BD00E}"
EndProject
Project("{2150E333-8FDC-42A3-9474-1A3956D46DE8}") = "csharp", "csharp", "{C1B4CF8E-6084-C9F6-E2FD-21F2A8C27FEB}"
EndProject
Project("{2150E333-8FDC-42A3-9474-1A3956D46DE8}") = "tests", "tests", "{43758225-454A-CA26-6478-CCAAFC070646}"
EndProject
Project("{FAE04EC0-301F-11D3-BF4B-00C04F79EFBC}") = "MyMindClientTests", "clients\csharp\tests\MyMindClientTests.csproj", "{8B8CB956-7C5D-6E1D-A612-D13D831291B2}"
EndProject
Project("{2150E333-8FDC-42A3-9474-1A3956D46DE8}") = "src", "src", "{2F69629A-8C5A-5925-C15E-ABD0EAB62E08}"
EndProject
Project("{FAE04EC0-301F-11D3-BF4B-00C04F79EFBC}") = "MyMindClient", "clients\csharp\src\MyMindClient.csproj", "{EEF3438E-D892-75EC-8CF5-B1157E758678}"
EndProject
Global
	GlobalSection(SolutionConfigurationPlatforms) = preSolution
		Debug|Any CPU = Debug|Any CPU
		Release|Any CPU = Release|Any CPU
	EndGlobalSection
	GlobalSection(ProjectConfigurationPlatforms) = postSolution
		{8B8CB956-7C5D-6E1D-A612-D13D831291B2}.Debug|Any CPU.ActiveCfg = Debug|Any CPU
		{8B8CB956-7C5D-6E1D-A612-D13D831291B2}.Debug|Any CPU.Build.0 = Debug|Any CPU
		{8B8CB956-7C5D-6E1D-A612-D13D831291B2}.Release|Any CPU.ActiveCfg = Release|Any CPU
		{8B8CB956-7C5D-6E1D-A612-D13D831291B2}.Release|Any CPU.Build.0 = Release|Any CPU
		{EEF3438E-D892-75EC-8CF5-B1157E758678}.Debug|Any CPU.ActiveCfg = Debug|Any CPU
		{EEF3438E-D892-75EC-8CF5-B1157E758678}.Debug|Any CPU.Build.0 = Debug|Any CPU
		{EEF3438E-D892-75EC-8CF5-B1157E758678}.Release|Any CPU.ActiveCfg = Release|Any CPU
		{EEF3438E-D892-75EC-8CF5-B1157E758678}.Release|Any CPU.Build.0 = Release|Any CPU
	EndGlobalSection
	GlobalSection(SolutionProperties) = preSolution
		HideSolutionNode = FALSE
	EndGlobalSection
	GlobalSection(NestedProjects) = preSolution
		{C1B4CF8E-6084-C9F6-E2FD-21F2A8C27FEB} = {9123F88B-E531-3118-42D7-ED8CEF4BD00E}
		{43758225-454A-CA26-6478-CCAAFC070646} = {C1B4CF8E-6084-C9F6-E2FD-21F2A8C27FEB}
		{8B8CB956-7C5D-6E1D-A612-D13D831291B2} = {43758225-454A-CA26-6478-CCAAFC070646}
		{2F69629A-8C5A-5925-C15E-ABD0EAB62E08} = {C1B4CF8E-6084-C9F6-E2FD-21F2A8C27FEB}
		{EEF3438E-D892-75EC-8CF5-B1157E758678} = {2F69629A-8C5A-5925-C15E-ABD0EAB62E08}
	EndGlobalSection
	GlobalSection(ExtensibilityGlobals) = postSolution
		SolutionGuid = {A93B0405-E2D6-45DD-9350-B4EDB478AF0C}
	EndGlobalSection
EndGlobal
